// !$*UTF8*$!
{
	archiveVersion = 1;
	classes = {
	};
	objectVersion = 50;
	objects = {

/* Begin PBXBuildFile section */
		D64C083A266EBD2B007A8AB7 /* AppDelegate.swift in Sources */ = {isa = PBXBuildFile; fileRef = D64C0839266EBD2B007A8AB7 /* AppDelegate.swift */; };
		D64C083C266EBD2B007A8AB7 /* SceneDelegate.swift in Sources */ = {isa = PBXBuildFile; fileRef = D64C083B266EBD2B007A8AB7 /* SceneDelegate.swift */; };
		D64C083E266EBD2B007A8AB7 /* MapViewController.swift in Sources */ = {isa = PBXBuildFile; fileRef = D64C083D266EBD2B007A8AB7 /* MapViewController.swift */; };
		D64C0841266EBD2B007A8AB7 /* Main.storyboard in Resources */ = {isa = PBXBuildFile; fileRef = D64C083F266EBD2B007A8AB7 /* Main.storyboard */; };
		D64C0844266EBD2B007A8AB7 /* VirtualTourist.xcdatamodeld in Sources */ = {isa = PBXBuildFile; fileRef = D64C0842266EBD2B007A8AB7 /* VirtualTourist.xcdatamodeld */; };
		D64C0846266EBD2D007A8AB7 /* Assets.xcassets in Resources */ = {isa = PBXBuildFile; fileRef = D64C0845266EBD2D007A8AB7 /* Assets.xcassets */; };
		D64C0849266EBD2D007A8AB7 /* LaunchScreen.storyboard in Resources */ = {isa = PBXBuildFile; fileRef = D64C0847266EBD2D007A8AB7 /* LaunchScreen.storyboard */; };
		D64C0852266EC57F007A8AB7 /* PhotoAlbumViewController.swift in Sources */ = {isa = PBXBuildFile; fileRef = D64C0851266EC57F007A8AB7 /* PhotoAlbumViewController.swift */; };
		D65F35A62679260C00D6D0F3 /* DataController.swift in Sources */ = {isa = PBXBuildFile; fileRef = D65F35A52679260C00D6D0F3 /* DataController.swift */; };
		D6A4BD952680DBDA00EEB44E /* FlickrViewCell.swift in Sources */ = {isa = PBXBuildFile; fileRef = D6A4BD942680DBDA00EEB44E /* FlickrViewCell.swift */; };
		D6A4BD98268115B200EEB44E /* FlickrClient.swift in Sources */ = {isa = PBXBuildFile; fileRef = D6A4BD97268115B200EEB44E /* FlickrClient.swift */; };
		D6A4BD9A26811C3B00EEB44E /* FlickrPhoto.swift in Sources */ = {isa = PBXBuildFile; fileRef = D6A4BD9926811C3B00EEB44E /* FlickrPhoto.swift */; };
		D6A4BD9C26811EB400EEB44E /* FlickrImage.swift in Sources */ = {isa = PBXBuildFile; fileRef = D6A4BD9B26811EB400EEB44E /* FlickrImage.swift */; };
		D6E2A41D26839DDD002AE0EA /* NetwokErrors.swift in Sources */ = {isa = PBXBuildFile; fileRef = D6E2A41C26839DDD002AE0EA /* NetwokErrors.swift */; };
/* End PBXBuildFile section */

/* Begin PBXFileReference section */
		D64C0836266EBD2B007A8AB7 /* VirtualTourist.app */ = {isa = PBXFileReference; explicitFileType = wrapper.application; includeInIndex = 0; path = VirtualTourist.app; sourceTree = BUILT_PRODUCTS_DIR; };
		D64C0839266EBD2B007A8AB7 /* AppDelegate.swift */ = {isa = PBXFileReference; lastKnownFileType = sourcecode.swift; path = AppDelegate.swift; sourceTree = "<group>"; };
		D64C083B266EBD2B007A8AB7 /* SceneDelegate.swift */ = {isa = PBXFileReference; lastKnownFileType = sourcecode.swift; path = SceneDelegate.swift; sourceTree = "<group>"; };
		D64C083D266EBD2B007A8AB7 /* MapViewController.swift */ = {isa = PBXFileReference; lastKnownFileType = sourcecode.swift; path = MapViewController.swift; sourceTree = "<group>"; };
		D64C0840266EBD2B007A8AB7 /* Base */ = {isa = PBXFileReference; lastKnownFileType = file.storyboard; name = Base; path = Base.lproj/Main.storyboard; sourceTree = "<group>"; };
		D64C0843266EBD2B007A8AB7 /* VirtualTourist.xcdatamodel */ = {isa = PBXFileReference; lastKnownFileType = wrapper.xcdatamodel; path = VirtualTourist.xcdatamodel; sourceTree = "<group>"; };
		D64C0845266EBD2D007A8AB7 /* Assets.xcassets */ = {isa = PBXFileReference; lastKnownFileType = folder.assetcatalog; path = Assets.xcassets; sourceTree = "<group>"; };
		D64C0848266EBD2D007A8AB7 /* Base */ = {isa = PBXFileReference; lastKnownFileType = file.storyboard; name = Base; path = Base.lproj/LaunchScreen.storyboard; sourceTree = "<group>"; };
		D64C084A266EBD2D007A8AB7 /* Info.plist */ = {isa = PBXFileReference; lastKnownFileType = text.plist.xml; path = Info.plist; sourceTree = "<group>"; };
		D64C0851266EC57F007A8AB7 /* PhotoAlbumViewController.swift */ = {isa = PBXFileReference; lastKnownFileType = sourcecode.swift; path = PhotoAlbumViewController.swift; sourceTree = "<group>"; };
		D65F35A52679260C00D6D0F3 /* DataController.swift */ = {isa = PBXFileReference; lastKnownFileType = sourcecode.swift; path = DataController.swift; sourceTree = "<group>"; };
		D6A4BD942680DBDA00EEB44E /* FlickrViewCell.swift */ = {isa = PBXFileReference; lastKnownFileType = sourcecode.swift; path = FlickrViewCell.swift; sourceTree = "<group>"; };
		D6A4BD97268115B200EEB44E /* FlickrClient.swift */ = {isa = PBXFileReference; lastKnownFileType = sourcecode.swift; path = FlickrClient.swift; sourceTree = "<group>"; };
		D6A4BD9926811C3B00EEB44E /* FlickrPhoto.swift */ = {isa = PBXFileReference; lastKnownFileType = sourcecode.swift; path = FlickrPhoto.swift; sourceTree = "<group>"; };
		D6A4BD9B26811EB400EEB44E /* FlickrImage.swift */ = {isa = PBXFileReference; lastKnownFileType = sourcecode.swift; path = FlickrImage.swift; sourceTree = "<group>"; };
		D6E2A41C26839DDD002AE0EA /* NetwokErrors.swift */ = {isa = PBXFileReference; lastKnownFileType = sourcecode.swift; path = NetwokErrors.swift; sourceTree = "<group>"; };
/* End PBXFileReference section */

/* Begin PBXFrameworksBuildPhase section */
		D64C0833266EBD2B007A8AB7 /* Frameworks */ = {
			isa = PBXFrameworksBuildPhase;
			buildActionMask = 2147483647;
			files = (
			);
			runOnlyForDeploymentPostprocessing = 0;
		};
/* End PBXFrameworksBuildPhase section */

/* Begin PBXGroup section */
		D64C082D266EBD2B007A8AB7 = {
			isa = PBXGroup;
			children = (
				D64C0838266EBD2B007A8AB7 /* VirtualTourist */,
				D64C0837266EBD2B007A8AB7 /* Products */,
			);
			sourceTree = "<group>";
		};
		D64C0837266EBD2B007A8AB7 /* Products */ = {
			isa = PBXGroup;
			children = (
				D64C0836266EBD2B007A8AB7 /* VirtualTourist.app */,
			);
			name = Products;
			sourceTree = "<group>";
		};
		D64C0838266EBD2B007A8AB7 /* VirtualTourist */ = {
			isa = PBXGroup;
			children = (
				D64C0839266EBD2B007A8AB7 /* AppDelegate.swift */,
				D64C083B266EBD2B007A8AB7 /* SceneDelegate.swift */,
				D6FB4D31266FC04400AE1F4B /* Model */,
				D6FB4D33266FC08300AE1F4B /* View */,
				D64C0850266EC55E007A8AB7 /* Controllers */,
				D64C084A266EBD2D007A8AB7 /* Info.plist */,
			);
			path = VirtualTourist;
			sourceTree = "<group>";
		};
		D64C0850266EC55E007A8AB7 /* Controllers */ = {
			isa = PBXGroup;
			children = (
				D64C083D266EBD2B007A8AB7 /* MapViewController.swift */,
				D64C0851266EC57F007A8AB7 /* PhotoAlbumViewController.swift */,
			);
			path = Controllers;
			sourceTree = "<group>";
		};
		D6A4BD932680DB5400EEB44E /* Cell */ = {
			isa = PBXGroup;
			children = (
				D6A4BD942680DBDA00EEB44E /* FlickrViewCell.swift */,
			);
			path = Cell;
			sourceTree = "<group>";
		};
		D6A4BD962681152A00EEB44E /* FlickrAPI */ = {
			isa = PBXGroup;
			children = (
				D6A4BD97268115B200EEB44E /* FlickrClient.swift */,
				D6E2A41C26839DDD002AE0EA /* NetwokErrors.swift */,
			);
			path = FlickrAPI;
			sourceTree = "<group>";
		};
		D6FB4D30266FC02E00AE1F4B /* Data */ = {
			isa = PBXGroup;
			children = (
				D64C0842266EBD2B007A8AB7 /* VirtualTourist.xcdatamodeld */,
				D6A4BD9B26811EB400EEB44E /* FlickrImage.swift */,
			);
			path = Data;
			sourceTree = "<group>";
		};
		D6FB4D31266FC04400AE1F4B /* Model */ = {
			isa = PBXGroup;
			children = (
				D6FB4D32266FC05100AE1F4B /* FlikrRequest */,
				D6FB4D30266FC02E00AE1F4B /* Data */,
				D6A4BD962681152A00EEB44E /* FlickrAPI */,
				D65F35A52679260C00D6D0F3 /* DataController.swift */,
			);
			path = Model;
			sourceTree = "<group>";
		};
		D6FB4D32266FC05100AE1F4B /* FlikrRequest */ = {
			isa = PBXGroup;
			children = (
				D6A4BD9926811C3B00EEB44E /* FlickrPhoto.swift */,
			);
			path = FlikrRequest;
			sourceTree = "<group>";
		};
		D6FB4D33266FC08300AE1F4B /* View */ = {
			isa = PBXGroup;
			children = (
				D6A4BD932680DB5400EEB44E /* Cell */,
				D64C083F266EBD2B007A8AB7 /* Main.storyboard */,
				D64C0845266EBD2D007A8AB7 /* Assets.xcassets */,
				D64C0847266EBD2D007A8AB7 /* LaunchScreen.storyboard */,
			);
			path = View;
			sourceTree = "<group>";
		};
/* End PBXGroup section */

/* Begin PBXNativeTarget section */
		D64C0835266EBD2B007A8AB7 /* VirtualTourist */ = {
			isa = PBXNativeTarget;
			buildConfigurationList = D64C084D266EBD2D007A8AB7 /* Build configuration list for PBXNativeTarget "VirtualTourist" */;
			buildPhases = (
				D64C0832266EBD2B007A8AB7 /* Sources */,
				D64C0833266EBD2B007A8AB7 /* Frameworks */,
				D64C0834266EBD2B007A8AB7 /* Resources */,
			);
			buildRules = (
			);
			dependencies = (
			);
			name = VirtualTourist;
			productName = VirtualTourist;
			productReference = D64C0836266EBD2B007A8AB7 /* VirtualTourist.app */;
			productType = "com.apple.product-type.application";
		};
/* End PBXNativeTarget section */

/* Begin PBXProject section */
		D64C082E266EBD2B007A8AB7 /* Project object */ = {
			isa = PBXProject;
			attributes = {
				LastSwiftUpdateCheck = 1250;
				LastUpgradeCheck = 1250;
				TargetAttributes = {
					D64C0835266EBD2B007A8AB7 = {
						CreatedOnToolsVersion = 12.5;
					};
				};
			};
			buildConfigurationList = D64C0831266EBD2B007A8AB7 /* Build configuration list for PBXProject "VirtualTourist" */;
			compatibilityVersion = "Xcode 9.3";
			developmentRegion = en;
			hasScannedForEncodings = 0;
			knownRegions = (
				en,
				Base,
			);
			mainGroup = D64C082D266EBD2B007A8AB7;
			productRefGroup = D64C0837266EBD2B007A8AB7 /* Products */;
			projectDirPath = "";
			projectRoot = "";
			targets = (
				D64C0835266EBD2B007A8AB7 /* VirtualTourist */,
			);
		};
/* End PBXProject section */

/* Begin PBXResourcesBuildPhase section */
		D64C0834266EBD2B007A8AB7 /* Resources */ = {
			isa = PBXResourcesBuildPhase;
			buildActionMask = 2147483647;
			files = (
				D64C0849266EBD2D007A8AB7 /* LaunchScreen.storyboard in Resources */,
				D64C0846266EBD2D007A8AB7 /* Assets.xcassets in Resources */,
				D64C0841266EBD2B007A8AB7 /* Main.storyboard in Resources */,
			);
			runOnlyForDeploymentPostprocessing = 0;
		};
/* End PBXResourcesBuildPhase section */

/* Begin PBXSourcesBuildPhase section */
		D64C0832266EBD2B007A8AB7 /* Sources */ = {
			isa = PBXSourcesBuildPhase;
			buildActionMask = 2147483647;
			files = (
				D6A4BD9C26811EB400EEB44E /* FlickrImage.swift in Sources */,
				D6A4BD952680DBDA00EEB44E /* FlickrViewCell.swift in Sources */,
				D64C0844266EBD2B007A8AB7 /* VirtualTourist.xcdatamodeld in Sources */,
				D65F35A62679260C00D6D0F3 /* DataController.swift in Sources */,
				D64C083E266EBD2B007A8AB7 /* MapViewController.swift in Sources */,
				D6E2A41D26839DDD002AE0EA /* NetwokErrors.swift in Sources */,
				D6A4BD9A26811C3B00EEB44E /* FlickrPhoto.swift in Sources */,
				D64C083A266EBD2B007A8AB7 /* AppDelegate.swift in Sources */,
				D64C0852266EC57F007A8AB7 /* PhotoAlbumViewController.swift in Sources */,
				D64C083C266EBD2B007A8AB7 /* SceneDelegate.swift in Sources */,
				D6A4BD98268115B200EEB44E /* FlickrClient.swift in Sources */,
			);
			runOnlyForDeploymentPostprocessing = 0;
		};
/* End PBXSourcesBuildPhase section */

/* Begin PBXVariantGroup section */
		D64C083F266EBD2B007A8AB7 /* Main.storyboard */ = {
			isa = PBXVariantGroup;
			children = (
				D64C0840266EBD2B007A8AB7 /* Base */,
			);
			name = Main.storyboard;
			sourceTree = "<group>";
		};
		D64C0847266EBD2D007A8AB7 /* LaunchScreen.storyboard */ = {
			isa = PBXVariantGroup;
			children = (
				D64C0848266EBD2D007A8AB7 /* Base */,
			);
			name = LaunchScreen.storyboard;
			sourceTree = "<group>";
		};
/* End PBXVariantGroup section */

/* Begin XCBuildConfiguration section */
		D64C084B266EBD2D007A8AB7 /* Debug */ = {
			isa = XCBuildConfiguration;
			buildSettings = {
				ALWAYS_SEARCH_USER_PATHS = NO;
				CLANG_ANALYZER_NONNULL = YES;
				CLANG_ANALYZER_NUMBER_OBJECT_CONVERSION = YES_AGGRESSIVE;
				CLANG_CXX_LANGUAGE_STANDARD = "gnu++14";
				CLANG_CXX_LIBRARY = "libc++";
				CLANG_ENABLE_MODULES = YES;
				CLANG_ENABLE_OBJC_ARC = YES;
				CLANG_ENABLE_OBJC_WEAK = YES;
				CLANG_WARN_BLOCK_CAPTURE_AUTORELEASING = YES;
				CLANG_WARN_BOOL_CONVERSION = YES;
				CLANG_WARN_COMMA = YES;
				CLANG_WARN_CONSTANT_CONVERSION = YES;
				CLANG_WARN_DEPRECATED_OBJC_IMPLEMENTATIONS = YES;
				CLANG_WARN_DIRECT_OBJC_ISA_USAGE = YES_ERROR;
				CLANG_WARN_DOCUMENTATION_COMMENTS = YES;
				CLANG_WARN_EMPTY_BODY = YES;
				CLANG_WARN_ENUM_CONVERSION = YES;
				CLANG_WARN_INFINITE_RECURSION = YES;
				CLANG_WARN_INT_CONVERSION = YES;
				CLANG_WARN_NON_LITERAL_NULL_CONVERSION = YES;
				CLANG_WARN_OBJC_IMPLICIT_RETAIN_SELF = YES;
				CLANG_WARN_OBJC_LITERAL_CONVERSION = YES;
				CLANG_WARN_OBJC_ROOT_CLASS = YES_ERROR;
				CLANG_WARN_QUOTED_INCLUDE_IN_FRAMEWORK_HEADER = YES;
				CLANG_WARN_RANGE_LOOP_ANALYSIS = YES;
				CLANG_WARN_STRICT_PROTOTYPES = YES;
				CLANG_WARN_SUSPICIOUS_MOVE = YES;
				CLANG_WARN_UNGUARDED_AVAILABILITY = YES_AGGRESSIVE;
				CLANG_WARN_UNREACHABLE_CODE = YES;
				CLANG_WARN__DUPLICATE_METHOD_MATCH = YES;
				COPY_PHASE_STRIP = NO;
				DEBUG_INFORMATION_FORMAT = dwarf;
				ENABLE_STRICT_OBJC_MSGSEND = YES;
				ENABLE_TESTABILITY = YES;
				GCC_C_LANGUAGE_STANDARD = gnu11;
				GCC_DYNAMIC_NO_PIC = NO;
				GCC_NO_COMMON_BLOCKS = YES;
				GCC_OPTIMIZATION_LEVEL = 0;
				GCC_PREPROCESSOR_DEFINITIONS = (
					"DEBUG=1",
					"$(inherited)",
				);
				GCC_WARN_64_TO_32_BIT_CONVERSION = YES;
				GCC_WARN_ABOUT_RETURN_TYPE = YES_ERROR;
				GCC_WARN_UNDECLARED_SELECTOR = YES;
				GCC_WARN_UNINITIALIZED_AUTOS = YES_AGGRESSIVE;
				GCC_WARN_UNUSED_FUNCTION = YES;
				GCC_WARN_UNUSED_VARIABLE = YES;
				IPHONEOS_DEPLOYMENT_TARGET = 14.5;
				MTL_ENABLE_DEBUG_INFO = INCLUDE_SOURCE;
				MTL_FAST_MATH = YES;
				ONLY_ACTIVE_ARCH = YES;
				SDKROOT = iphoneos;
				SWIFT_ACTIVE_COMPILATION_CONDITIONS = DEBUG;
				SWIFT_OPTIMIZATION_LEVEL = "-Onone";
			};
			name = Debug;
		};
		D64C084C266EBD2D007A8AB7 /* Release */ = {
			isa = XCBuildConfiguration;
			buildSettings = {
				ALWAYS_SEARCH_USER_PATHS = NO;
				CLANG_ANALYZER_NONNULL = YES;
				CLANG_ANALYZER_NUMBER_OBJECT_CONVERSION = YES_AGGRESSIVE;
				CLANG_CXX_LANGUAGE_STANDARD = "gnu++14";
				CLANG_CXX_LIBRARY = "libc++";
				CLANG_ENABLE_MODULES = YES;
				CLANG_ENABLE_OBJC_ARC = YES;
				CLANG_ENABLE_OBJC_WEAK = YES;
				CLANG_WARN_BLOCK_CAPTURE_AUTORELEASING = YES;
				CLANG_WARN_BOOL_CONVERSION = YES;
				CLANG_WARN_COMMA = YES;
				CLANG_WARN_CONSTANT_CONVERSION = YES;
				CLANG_WARN_DEPRECATED_OBJC_IMPLEMENTATIONS = YES;
				CLANG_WARN_DIRECT_OBJC_ISA_USAGE = YES_ERROR;
				CLANG_WARN_DOCUMENTATION_COMMENTS = YES;
				CLANG_WARN_EMPTY_BODY = YES;
				CLANG_WARN_ENUM_CONVERSION = YES;
				CLANG_WARN_INFINITE_RECURSION = YES;
				CLANG_WARN_INT_CONVERSION = YES;
				CLANG_WARN_NON_LITERAL_NULL_CONVERSION = YES;
				CLANG_WARN_OBJC_IMPLICIT_RETAIN_SELF = YES;
				CLANG_WARN_OBJC_LITERAL_CONVERSION = YES;
				CLANG_WARN_OBJC_ROOT_CLASS = YES_ERROR;
				CLANG_WARN_QUOTED_INCLUDE_IN_FRAMEWORK_HEADER = YES;
				CLANG_WARN_RANGE_LOOP_ANALYSIS = YES;
				CLANG_WARN_STRICT_PROTOTYPES = YES;
				CLANG_WARN_SUSPICIOUS_MOVE = YES;
				CLANG_WARN_UNGUARDED_AVAILABILITY = YES_AGGRESSIVE;
				CLANG_WARN_UNREACHABLE_CODE = YES;
				CLANG_WARN__DUPLICATE_METHOD_MATCH = YES;
				COPY_PHASE_STRIP = NO;
				DEBUG_INFORMATION_FORMAT = "dwarf-with-dsym";
				ENABLE_NS_ASSERTIONS = NO;
				ENABLE_STRICT_OBJC_MSGSEND = YES;
				GCC_C_LANGUAGE_STANDARD = gnu11;
				GCC_NO_COMMON_BLOCKS = YES;
				GCC_WARN_64_TO_32_BIT_CONVERSION = YES;
				GCC_WARN_ABOUT_RETURN_TYPE = YES_ERROR;
				GCC_WARN_UNDECLARED_SELECTOR = YES;
				GCC_WARN_UNINITIALIZED_AUTOS = YES_AGGRESSIVE;
				GCC_WARN_UNUSED_FUNCTION = YES;
				GCC_WARN_UNUSED_VARIABLE = YES;
				IPHONEOS_DEPLOYMENT_TARGET = 14.5;
				MTL_ENABLE_DEBUG_INFO = NO;
				MTL_FAST_MATH = YES;
				SDKROOT = iphoneos;
				SWIFT_COMPILATION_MODE = wholemodule;
				SWIFT_OPTIMIZATION_LEVEL = "-O";
				VALIDATE_PRODUCT = YES;
			};
			name = Release;
		};
		D64C084E266EBD2D007A8AB7 /* Debug */ = {
			isa = XCBuildConfiguration;
			buildSettings = {
				ASSETCATALOG_COMPILER_APPICON_NAME = AppIcon;
				ASSETCATALOG_COMPILER_GLOBAL_ACCENT_COLOR_NAME = AccentColor;
				CODE_SIGN_STYLE = Automatic;
				DEVELOPMENT_TEAM = SJG2A7QTCS;
				INFOPLIST_FILE = VirtualTourist/Info.plist;
				LD_RUNPATH_SEARCH_PATHS = (
					"$(inherited)",
					"@executable_path/Frameworks",
				);
				PRODUCT_BUNDLE_IDENTIFIER = "com.ceban-coding.VirtualTourist";
				PRODUCT_NAME = "$(TARGET_NAME)";
				SWIFT_VERSION = 5.0;
				TARGETED_DEVICE_FAMILY = "1,2";
			};
			name = Debug;
		};
		D64C084F266EBD2D007A8AB7 /* Release */ = {
			isa = XCBuildConfiguration;
			buildSettings = {
				ASSETCATALOG_COMPILER_APPICON_NAME = AppIcon;
				ASSETCATALOG_COMPILER_GLOBAL_ACCENT_COLOR_NAME = AccentColor;
				CODE_SIGN_STYLE = Automatic;
				DEVELOPMENT_TEAM = SJG2A7QTCS;
				INFOPLIST_FILE = VirtualTourist/Info.plist;
				LD_RUNPATH_SEARCH_PATHS = (
					"$(inherited)",
					"@executable_path/Frameworks",
				);
				PRODUCT_BUNDLE_IDENTIFIER = "com.ceban-coding.VirtualTourist";
				PRODUCT_NAME = "$(TARGET_NAME)";
				SWIFT_VERSION = 5.0;
				TARGETED_DEVICE_FAMILY = "1,2";
			};
			name = Release;
		};
/* End XCBuildConfiguration section */

/* Begin XCConfigurationList section */
		D64C0831266EBD2B007A8AB7 /* Build configuration list for PBXProject "VirtualTourist" */ = {
			isa = XCConfigurationList;
			buildConfigurations = (
				D64C084B266EBD2D007A8AB7 /* Debug */,
				D64C084C266EBD2D007A8AB7 /* Release */,
			);
			defaultConfigurationIsVisible = 0;
			defaultConfigurationName = Release;
		};
		D64C084D266EBD2D007A8AB7 /* Build configuration list for PBXNativeTarget "VirtualTourist" */ = {
			isa = XCConfigurationList;
			buildConfigurations = (
				D64C084E266EBD2D007A8AB7 /* Debug */,
				D64C084F266EBD2D007A8AB7 /* Release */,
			);
			defaultConfigurationIsVisible = 0;
			defaultConfigurationName = Release;
		};
/* End XCConfigurationList section */

/* Begin XCVersionGroup section */
		D64C0842266EBD2B007A8AB7 /* VirtualTourist.xcdatamodeld */ = {
			isa = XCVersionGroup;
			children = (
				D64C0843266EBD2B007A8AB7 /* VirtualTourist.xcdatamodel */,
			);
			currentVersion = D64C0843266EBD2B007A8AB7 /* VirtualTourist.xcdatamodel */;
			path = VirtualTourist.xcdatamodeld;
			sourceTree = "<group>";
			versionGroupType = wrapper.xcdatamodel;
		};
/* End XCVersionGroup section */
	};
	rootObject = D64C082E266EBD2B007A8AB7 /* Project object */;
}
